# This file is autogenerated, do not edit; changes may be undone by the next 'dep ensure'.


[[projects]]
  branch = "master"
  digest = "1:315c5f2f60c76d89b871c73f9bd5fe689cad96597afd50fb9992228ef80bdd34"
  name = "github.com/alecthomas/template"
  packages = [
    ".",
    "parse",
  ]
  pruneopts = "UT"
  revision = "a0175ee3bccc567396460bf5acd36800cb10c49c"

[[projects]]
  branch = "master"
  digest = "1:c198fdc381e898e8fb62b8eb62758195091c313ad18e52a3067366e1dda2fb3c"
  name = "github.com/alecthomas/units"
  packages = ["."]
  pruneopts = "UT"
  revision = "2efee857e7cfd4f3d0138cc3cbb1b4966962b93a"

[[projects]]
  branch = "master"
  digest = "1:62c57507df491b657e9ae2645f30958d9964c8eeb380600469eedc951ebb3a0e"
  name = "github.com/golang/freetype"
  packages = [
    "raster",
    "truetype",
  ]
  pruneopts = "UT"
  revision = "e2365dfdc4a05e4b8299a783240d4a7d5a65d4e4"

[[projects]]
  digest = "1:723aa81f50d50bb5e5e67c3076c0cb498c07cbb74dbcac462c2e8973a84df90c"
  name = "github.com/gookit/color"
  packages = ["."]
  pruneopts = "UT"
  revision = "03c3187105615d576d255124f688cee79b8e25b5"
  version = "v1.1.6"

[[projects]]
  digest = "1:c65a16ac77d0b1aefc7009cabb6ac5ad05def02025f5be85f450c03f52cc6f86"
  name = "github.com/lucasb-eyer/go-colorful"
  packages = ["."]
  pruneopts = "UT"
  revision = "345fbb3dbcdb252d9985ee899a84963c0fa24c82"
  version = "v1.0"

[[projects]]
  branch = "master"
  digest = "1:39b36f898cc0c7cec682e86ccf717488d4663aa60aa39a018572e22554323c0a"
  name = "github.com/muesli/clusters"
  packages = ["."]
  pruneopts = "UT"
  revision = "a07a36e67d36635392ec89f47d0e0c9da99b7dbf"

[[projects]]
  branch = "master"
  digest = "1:0ff0f0ddf331faa4dfe4142f20d4bf811e29aef2041cf3fc4e77b9c418f6ace8"
  name = "github.com/muesli/gamut"
  packages = ["."]
  pruneopts = "UT"
  revision = "79507eb4867ccd96aa8cd59c167830493029baf2"

[[projects]]
  branch = "master"
  digest = "1:f5c8d3627b68058ec5b019d1d85f53c3ddc98770978fa3e9970472ea74fe1551"
  name = "github.com/muesli/kmeans"
  packages = ["."]
  pruneopts = "UT"
  revision = "e36119fa8e4ee2e7347fddbfeec21957a3eccd90"

[[projects]]
  digest = "1:0e792eea6c96ec55ff302ef33886acbaa5006e900fefe82689e88d96439dcd84"
  name = "github.com/ryanuber/go-glob"
  packages = ["."]
  pruneopts = "UT"
  revision = "572520ed46dbddaed19ea3d9541bdd0494163693"
  version = "v0.1"

[[projects]]
  digest = "1:cf762a0ce01d48d8ac03f717aa41f66b655abea67c616d89994ce091a2cc6831"
  name = "github.com/wcharczuk/go-chart"
  packages = [
    ".",
    "drawing",
    "matrix",
    "roboto",
    "seq",
    "util",
  ]
  pruneopts = "UT"
  revision = "7c3982fe3d8ab0c9eea9ab5d2aced51e45d447bc"
  version = "v2.0.1"

[[projects]]
  branch = "master"
  digest = "1:85ceb7046447e3f5cf21c621ec137b23eb8d02ae9b585dd5c22d65543a0f3020"
  name = "github.com/xrash/smetrics"
  packages = ["."]
  pruneopts = "UT"
  revision = "a3153f7040e90324c58c6287535e26a0ac5c1cc1"

[[projects]]
  branch = "master"
  digest = "1:8aa52c7f7476f9ce660f5db479eb0e19681b58783442f33459954757fc6732fe"
  name = "golang.org/x/image"
  packages = [
    "draw",
    "font",
    "math/f64",
    "math/fixed",
  ]
  pruneopts = "UT"
  revision = "cd38e8056d9b27bb2f265effa37fb0ea6b8a7f0f"

[[projects]]
  digest = "1:c06d9e11d955af78ac3bbb26bd02e01d2f61f689e1a3bce2ef6fb683ef8a7f2d"
  name = "gopkg.in/alecthomas/kingpin.v2"
  packages = ["."]
  pruneopts = "UT"
  revision = "947dcec5ba9c011838740e680966fd7087a71d0d"
  version = "v2.2.6"

[solve-meta]
  analyzer-name = "dep"
  analyzer-version = 1
  input-imports = [
    "github.com/gookit/color",
    "github.com/muesli/gamut",
    "github.com/ryanuber/go-glob",
    "gopkg.in/alecthomas/kingpin.v2",
  ]
  solver-name = "gps-cdcl"
  solver-version = 1
